{
  "pins" : [
    {
      "identity" : "bigint",
      "kind" : "remoteSourceControl",
      "location" : "https://github.com/attaswift/BigInt",
      "state" : {
        "revision" : "793a7fac0bfc318e85994bf6900652e827aef33e",
        "version" : "5.4.1"
      }
    },
    {
      "identity" : "cryptoswift",
      "kind" : "remoteSourceControl",
      "location" : "https://github.com/krzyzanowskim/CryptoSwift.git",
      "state" : {
        "revision" : "e45a26384239e028ec87fbcc788f513b67e10d8f",
        "version" : "1.9.0"
      }
    },
    {
      "identity" : "swift-crypto",
      "kind" : "remoteSourceControl",
      "location" : "https://github.com/apple/swift-crypto.git",
      "state" : {
        "revision" : "46072478ca365fe48370993833cb22de9b41567f",
        "version" : "3.5.2"
      }
    }
  ],
  "version" : 2
}
